// !$*UTF8*$!
{
	archiveVersion = 1;
	classes = {
	};
	objectVersion = 46;
	objects = {

/* Begin PBXBuildFile section */
		217294651BA60EC200DD7EA2 /* AlertHederCell.swift in Sources */ = {isa = PBXBuildFile; fileRef = 217294641BA60EC200DD7EA2 /* AlertHederCell.swift */; };
		2178E8071BA5255D00BE1AD1 /* MovieDetailsViewController.swift in Sources */ = {isa = PBXBuildFile; fileRef = 2178E8061BA5255D00BE1AD1 /* MovieDetailsViewController.swift */; };
		21D747571BA4C676007084F1 /* AppDelegate.swift in Sources */ = {isa = PBXBuildFile; fileRef = 21D747561BA4C676007084F1 /* AppDelegate.swift */; };
		21D7475C1BA4C676007084F1 /* Main.storyboard in Resources */ = {isa = PBXBuildFile; fileRef = 21D7475A1BA4C676007084F1 /* Main.storyboard */; };
		21D7475E1BA4C676007084F1 /* Assets.xcassets in Resources */ = {isa = PBXBuildFile; fileRef = 21D7475D1BA4C676007084F1 /* Assets.xcassets */; };
		21D747611BA4C676007084F1 /* LaunchScreen.storyboard in Resources */ = {isa = PBXBuildFile; fileRef = 21D7475F1BA4C676007084F1 /* LaunchScreen.storyboard */; };
		21D7476C1BA4C676007084F1 /* Rotten_TomatoesTests.swift in Sources */ = {isa = PBXBuildFile; fileRef = 21D7476B1BA4C676007084F1 /* Rotten_TomatoesTests.swift */; };
		21D747771BA4C676007084F1 /* Rotten_TomatoesUITests.swift in Sources */ = {isa = PBXBuildFile; fileRef = 21D747761BA4C676007084F1 /* Rotten_TomatoesUITests.swift */; };
		21D747851BA4C6BB007084F1 /* MovieViewController.swift in Sources */ = {isa = PBXBuildFile; fileRef = 21D747841BA4C6BB007084F1 /* MovieViewController.swift */; };
		21D747891BA4E7CA007084F1 /* MovieCell.swift in Sources */ = {isa = PBXBuildFile; fileRef = 21D747881BA4E7CA007084F1 /* MovieCell.swift */; };
		7F2402B3025785B794754E78 /* Pods_Rotten_Tomatoes.framework in Frameworks */ = {isa = PBXBuildFile; fileRef = 0F3811CE15BBE2A6D0806BA7 /* Pods_Rotten_Tomatoes.framework */; settings = {ATTRIBUTES = (Weak, ); }; };
/* End PBXBuildFile section */

/* Begin PBXContainerItemProxy section */
		21D747681BA4C676007084F1 /* PBXContainerItemProxy */ = {
			isa = PBXContainerItemProxy;
			containerPortal = 21D7474B1BA4C676007084F1 /* Project object */;
			proxyType = 1;
			remoteGlobalIDString = 21D747521BA4C676007084F1;
			remoteInfo = "Rotten Tomatoes";
		};
		21D747731BA4C676007084F1 /* PBXContainerItemProxy */ = {
			isa = PBXContainerItemProxy;
			containerPortal = 21D7474B1BA4C676007084F1 /* Project object */;
			proxyType = 1;
			remoteGlobalIDString = 21D747521BA4C676007084F1;
			remoteInfo = "Rotten Tomatoes";
		};
/* End PBXContainerItemProxy section */

/* Begin PBXFileReference section */
		0F3811CE15BBE2A6D0806BA7 /* Pods_Rotten_Tomatoes.framework */ = {isa = PBXFileReference; explicitFileType = wrapper.framework; includeInIndex = 0; path = Pods_Rotten_Tomatoes.framework; sourceTree = BUILT_PRODUCTS_DIR; };
		12A6BE7517CEA7CFC61B5A15 /* Pods-Rotten Tomatoes.debug.xcconfig */ = {isa = PBXFileReference; includeInIndex = 1; lastKnownFileType = text.xcconfig; name = "Pods-Rotten Tomatoes.debug.xcconfig"; path = "Pods/Target Support Files/Pods-Rotten Tomatoes/Pods-Rotten Tomatoes.debug.xcconfig"; sourceTree = "<group>"; };
		217294641BA60EC200DD7EA2 /* AlertHederCell.swift */ = {isa = PBXFileReference; fileEncoding = 4; lastKnownFileType = sourcecode.swift; path = AlertHederCell.swift; sourceTree = "<group>"; };
		2178E8061BA5255D00BE1AD1 /* MovieDetailsViewController.swift */ = {isa = PBXFileReference; fileEncoding = 4; lastKnownFileType = sourcecode.swift; path = MovieDetailsViewController.swift; sourceTree = "<group>"; };
		21D747531BA4C676007084F1 /* Rotten Tomatoes.app */ = {isa = PBXFileReference; explicitFileType = wrapper.application; includeInIndex = 0; path = "Rotten Tomatoes.app"; sourceTree = BUILT_PRODUCTS_DIR; };
		21D747561BA4C676007084F1 /* AppDelegate.swift */ = {isa = PBXFileReference; lastKnownFileType = sourcecode.swift; path = AppDelegate.swift; sourceTree = "<group>"; };
		21D7475B1BA4C676007084F1 /* Base */ = {isa = PBXFileReference; lastKnownFileType = file.storyboard; name = Base; path = Base.lproj/Main.storyboard; sourceTree = "<group>"; };
		21D7475D1BA4C676007084F1 /* Assets.xcassets */ = {isa = PBXFileReference; lastKnownFileType = folder.assetcatalog; path = Assets.xcassets; sourceTree = "<group>"; };
		21D747601BA4C676007084F1 /* Base */ = {isa = PBXFileReference; lastKnownFileType = file.storyboard; name = Base; path = Base.lproj/LaunchScreen.storyboard; sourceTree = "<group>"; };
		21D747621BA4C676007084F1 /* Info.plist */ = {isa = PBXFileReference; lastKnownFileType = text.plist.xml; path = Info.plist; sourceTree = "<group>"; };
		21D747671BA4C676007084F1 /* Rotten TomatoesTests.xctest */ = {isa = PBXFileReference; explicitFileType = wrapper.cfbundle; includeInIndex = 0; path = "Rotten TomatoesTests.xctest"; sourceTree = BUILT_PRODUCTS_DIR; };
		21D7476B1BA4C676007084F1 /* Rotten_TomatoesTests.swift */ = {isa = PBXFileReference; lastKnownFileType = sourcecode.swift; path = Rotten_TomatoesTests.swift; sourceTree = "<group>"; };
		21D7476D1BA4C676007084F1 /* Info.plist */ = {isa = PBXFileReference; lastKnownFileType = text.plist.xml; path = Info.plist; sourceTree = "<group>"; };
		21D747721BA4C676007084F1 /* Rotten TomatoesUITests.xctest */ = {isa = PBXFileReference; explicitFileType = wrapper.cfbundle; includeInIndex = 0; path = "Rotten TomatoesUITests.xctest"; sourceTree = BUILT_PRODUCTS_DIR; };
		21D747761BA4C676007084F1 /* Rotten_TomatoesUITests.swift */ = {isa = PBXFileReference; lastKnownFileType = sourcecode.swift; path = Rotten_TomatoesUITests.swift; sourceTree = "<group>"; };
		21D747781BA4C676007084F1 /* Info.plist */ = {isa = PBXFileReference; lastKnownFileType = text.plist.xml; path = Info.plist; sourceTree = "<group>"; };
		21D747841BA4C6BB007084F1 /* MovieViewController.swift */ = {isa = PBXFileReference; fileEncoding = 4; lastKnownFileType = sourcecode.swift; name = MovieViewController.swift; path = ../MovieViewController.swift; sourceTree = "<group>"; };
		21D747881BA4E7CA007084F1 /* MovieCell.swift */ = {isa = PBXFileReference; fileEncoding = 4; lastKnownFileType = sourcecode.swift; path = MovieCell.swift; sourceTree = "<group>"; };
		EAEE3EE34997C3A485A2F115 /* Pods-Rotten Tomatoes.release.xcconfig */ = {isa = PBXFileReference; includeInIndex = 1; lastKnownFileType = text.xcconfig; name = "Pods-Rotten Tomatoes.release.xcconfig"; path = "Pods/Target Support Files/Pods-Rotten Tomatoes/Pods-Rotten Tomatoes.release.xcconfig"; sourceTree = "<group>"; };
/* End PBXFileReference section */

/* Begin PBXFrameworksBuildPhase section */
		21D747501BA4C676007084F1 /* Frameworks */ = {
			isa = PBXFrameworksBuildPhase;
			buildActionMask = 2147483647;
			files = (
				7F2402B3025785B794754E78 /* Pods_Rotten_Tomatoes.framework in Frameworks */,
			);
			runOnlyForDeploymentPostprocessing = 0;
		};
		21D747641BA4C676007084F1 /* Frameworks */ = {
			isa = PBXFrameworksBuildPhase;
			buildActionMask = 2147483647;
			files = (
			);
			runOnlyForDeploymentPostprocessing = 0;
		};
		21D7476F1BA4C676007084F1 /* Frameworks */ = {
			isa = PBXFrameworksBuildPhase;
			buildActionMask = 2147483647;
			files = (
			);
			runOnlyForDeploymentPostprocessing = 0;
		};
/* End PBXFrameworksBuildPhase section */

/* Begin PBXGroup section */
		21D7474A1BA4C676007084F1 = {
			isa = PBXGroup;
			children = (
				21D747551BA4C676007084F1 /* Rotten Tomatoes */,
				21D7476A1BA4C676007084F1 /* Rotten TomatoesTests */,
				21D747751BA4C676007084F1 /* Rotten TomatoesUITests */,
				21D747541BA4C676007084F1 /* Products */,
				ECEEA264413738895C8B2155 /* Pods */,
				8BC80E755CA0B355B6D6A873 /* Frameworks */,
			);
			sourceTree = "<group>";
		};
		21D747541BA4C676007084F1 /* Products */ = {
			isa = PBXGroup;
			children = (
				21D747531BA4C676007084F1 /* Rotten Tomatoes.app */,
				21D747671BA4C676007084F1 /* Rotten TomatoesTests.xctest */,
				21D747721BA4C676007084F1 /* Rotten TomatoesUITests.xctest */,
			);
			name = Products;
			sourceTree = "<group>";
		};
		21D747551BA4C676007084F1 /* Rotten Tomatoes */ = {
			isa = PBXGroup;
			children = (
				21D7478A1BA4E7D0007084F1 /* Views */,
				21D747871BA4C6CF007084F1 /* ViewControllers */,
				21D747561BA4C676007084F1 /* AppDelegate.swift */,
				21D7475A1BA4C676007084F1 /* Main.storyboard */,
				21D7475D1BA4C676007084F1 /* Assets.xcassets */,
				21D7475F1BA4C676007084F1 /* LaunchScreen.storyboard */,
				21D747621BA4C676007084F1 /* Info.plist */,
			);
			path = "Rotten Tomatoes";
			sourceTree = "<group>";
		};
		21D7476A1BA4C676007084F1 /* Rotten TomatoesTests */ = {
			isa = PBXGroup;
			children = (
				21D7476B1BA4C676007084F1 /* Rotten_TomatoesTests.swift */,
				21D7476D1BA4C676007084F1 /* Info.plist */,
			);
			path = "Rotten TomatoesTests";
			sourceTree = "<group>";
		};
		21D747751BA4C676007084F1 /* Rotten TomatoesUITests */ = {
			isa = PBXGroup;
			children = (
				21D747761BA4C676007084F1 /* Rotten_TomatoesUITests.swift */,
				21D747781BA4C676007084F1 /* Info.plist */,
			);
			path = "Rotten TomatoesUITests";
			sourceTree = "<group>";
		};
		21D747871BA4C6CF007084F1 /* ViewControllers */ = {
			isa = PBXGroup;
			children = (
				21D747841BA4C6BB007084F1 /* MovieViewController.swift */,
				2178E8061BA5255D00BE1AD1 /* MovieDetailsViewController.swift */,
			);
			name = ViewControllers;
			sourceTree = "<group>";
		};
		21D7478A1BA4E7D0007084F1 /* Views */ = {
			isa = PBXGroup;
			children = (
				21D747881BA4E7CA007084F1 /* MovieCell.swift */,
				217294641BA60EC200DD7EA2 /* AlertHederCell.swift */,
			);
			name = Views;
			sourceTree = "<group>";
		};
		8BC80E755CA0B355B6D6A873 /* Frameworks */ = {
			isa = PBXGroup;
			children = (
				0F3811CE15BBE2A6D0806BA7 /* Pods_Rotten_Tomatoes.framework */,
			);
			name = Frameworks;
			sourceTree = "<group>";
		};
		ECEEA264413738895C8B2155 /* Pods */ = {
			isa = PBXGroup;
			children = (
				12A6BE7517CEA7CFC61B5A15 /* Pods-Rotten Tomatoes.debug.xcconfig */,
				EAEE3EE34997C3A485A2F115 /* Pods-Rotten Tomatoes.release.xcconfig */,
			);
			name = Pods;
			sourceTree = "<group>";
		};
/* End PBXGroup section */

/* Begin PBXNativeTarget section */
		21D747521BA4C676007084F1 /* Rotten Tomatoes */ = {
			isa = PBXNativeTarget;
			buildConfigurationList = 21D7477B1BA4C676007084F1 /* Build configuration list for PBXNativeTarget "Rotten Tomatoes" */;
			buildPhases = (
				8D31485D649283279ED037DB /* Check Pods Manifest.lock */,
				21D7474F1BA4C676007084F1 /* Sources */,
				21D747501BA4C676007084F1 /* Frameworks */,
				21D747511BA4C676007084F1 /* Resources */,
				2DFE741D1B48E53C921DC6E2 /* Embed Pods Frameworks */,
				7035FF3B6F5AD483F7EC41BE /* Copy Pods Resources */,
			);
			buildRules = (
			);
			dependencies = (
			);
			name = "Rotten Tomatoes";
			productName = "Rotten Tomatoes";
			productReference = 21D747531BA4C676007084F1 /* Rotten Tomatoes.app */;
			productType = "com.apple.product-type.application";
		};
		21D747661BA4C676007084F1 /* Rotten TomatoesTests */ = {
			isa = PBXNativeTarget;
			buildConfigurationList = 21D7477E1BA4C676007084F1 /* Build configuration list for PBXNativeTarget "Rotten TomatoesTests" */;
			buildPhases = (
				21D747631BA4C676007084F1 /* Sources */,
				21D747641BA4C676007084F1 /* Frameworks */,
				21D747651BA4C676007084F1 /* Resources */,
			);
			buildRules = (
			);
			dependencies = (
				21D747691BA4C676007084F1 /* PBXTargetDependency */,
			);
			name = "Rotten TomatoesTests";
			productName = "Rotten TomatoesTests";
			productReference = 21D747671BA4C676007084F1 /* Rotten TomatoesTests.xctest */;
			productType = "com.apple.product-type.bundle.unit-test";
		};
		21D747711BA4C676007084F1 /* Rotten TomatoesUITests */ = {
			isa = PBXNativeTarget;
			buildConfigurationList = 21D747811BA4C676007084F1 /* Build configuration list for PBXNativeTarget "Rotten TomatoesUITests" */;
			buildPhases = (
				21D7476E1BA4C676007084F1 /* Sources */,
				21D7476F1BA4C676007084F1 /* Frameworks */,
				21D747701BA4C676007084F1 /* Resources */,
			);
			buildRules = (
			);
			dependencies = (
				21D747741BA4C676007084F1 /* PBXTargetDependency */,
			);
			name = "Rotten TomatoesUITests";
			productName = "Rotten TomatoesUITests";
			productReference = 21D747721BA4C676007084F1 /* Rotten TomatoesUITests.xctest */;
			productType = "com.apple.product-type.bundle.ui-testing";
		};
/* End PBXNativeTarget section */

/* Begin PBXProject section */
		21D7474B1BA4C676007084F1 /* Project object */ = {
			isa = PBXProject;
			attributes = {
				LastSwiftUpdateCheck = 0710;
				LastUpgradeCheck = 0710;
				ORGANIZATIONNAME = "Kushal Bhatt";
				TargetAttributes = {
					21D747521BA4C676007084F1 = {
						CreatedOnToolsVersion = 7.1;
					};
					21D747661BA4C676007084F1 = {
						CreatedOnToolsVersion = 7.1;
						TestTargetID = 21D747521BA4C676007084F1;
					};
					21D747711BA4C676007084F1 = {
						CreatedOnToolsVersion = 7.1;
						TestTargetID = 21D747521BA4C676007084F1;
					};
				};
			};
			buildConfigurationList = 21D7474E1BA4C676007084F1 /* Build configuration list for PBXProject "Rotten Tomatoes" */;
			compatibilityVersion = "Xcode 3.2";
			developmentRegion = English;
			hasScannedForEncodings = 0;
			knownRegions = (
				en,
				Base,
			);
			mainGroup = 21D7474A1BA4C676007084F1;
			productRefGroup = 21D747541BA4C676007084F1 /* Products */;
			projectDirPath = "";
			projectRoot = "";
			targets = (
				21D747521BA4C676007084F1 /* Rotten Tomatoes */,
				21D747661BA4C676007084F1 /* Rotten TomatoesTests */,
				21D747711BA4C676007084F1 /* Rotten TomatoesUITests */,
			);
		};
/* End PBXProject section */

/* Begin PBXResourcesBuildPhase section */
		21D747511BA4C676007084F1 /* Resources */ = {
			isa = PBXResourcesBuildPhase;
			buildActionMask = 2147483647;
			files = (
				21D747611BA4C676007084F1 /* LaunchScreen.storyboard in Resources */,
				21D7475E1BA4C676007084F1 /* Assets.xcassets in Resources */,
				21D7475C1BA4C676007084F1 /* Main.storyboard in Resources */,
			);
			runOnlyForDeploymentPostprocessing = 0;
		};
		21D747651BA4C676007084F1 /* Resources */ = {
			isa = PBXResourcesBuildPhase;
			buildActionMask = 2147483647;
			files = (
			);
			runOnlyForDeploymentPostprocessing = 0;
		};
		21D747701BA4C676007084F1 /* Resources */ = {
			isa = PBXResourcesBuildPhase;
			buildActionMask = 2147483647;
			files = (
			);
			runOnlyForDeploymentPostprocessing = 0;
		};
/* End PBXResourcesBuildPhase section */

/* Begin PBXShellScriptBuildPhase section */
		2DFE741D1B48E53C921DC6E2 /* Embed Pods Frameworks */ = {
			isa = PBXShellScriptBuildPhase;
			buildActionMask = 2147483647;
			files = (
			);
			inputPaths = (
			);
			name = "Embed Pods Frameworks";
			outputPaths = (
			);
			runOnlyForDeploymentPostprocessing = 0;
			shellPath = /bin/sh;
			shellScript = "\"${SRCROOT}/Pods/Target Support Files/Pods-Rotten Tomatoes/Pods-Rotten Tomatoes-frameworks.sh\"\n";
			showEnvVarsInLog = 0;
		};
		7035FF3B6F5AD483F7EC41BE /* Copy Pods Resources */ = {
			isa = PBXShellScriptBuildPhase;
			buildActionMask = 2147483647;
			files = (
			);
			inputPaths = (
			);
			name = "Copy Pods Resources";
			outputPaths = (
			);
			runOnlyForDeploymentPostprocessing = 0;
			shellPath = /bin/sh;
			shellScript = "\"${SRCROOT}/Pods/Target Support Files/Pods-Rotten Tomatoes/Pods-Rotten Tomatoes-resources.sh\"\n";
			showEnvVarsInLog = 0;
		};
		8D31485D649283279ED037DB /* Check Pods Manifest.lock */ = {
			isa = PBXShellScriptBuildPhase;
			buildActionMask = 2147483647;
			files = (
			);
			inputPaths = (
			);
			name = "Check Pods Manifest.lock";
			outputPaths = (
			);
			runOnlyForDeploymentPostprocessing = 0;
			shellPath = /bin/sh;
			shellScript = "diff \"${PODS_ROOT}/../Podfile.lock\" \"${PODS_ROOT}/Manifest.lock\" > /dev/null\nif [[ $? != 0 ]] ; then\n    cat << EOM\nerror: The sandbox is not in sync with the Podfile.lock. Run 'pod install' or update your CocoaPods installation.\nEOM\n    exit 1\nfi\n";
			showEnvVarsInLog = 0;
		};
/* End PBXShellScriptBuildPhase section */

/* Begin PBXSourcesBuildPhase section */
		21D7474F1BA4C676007084F1 /* Sources */ = {
			isa = PBXSourcesBuildPhase;
			buildActionMask = 2147483647;
			files = (
				2178E8071BA5255D00BE1AD1 /* MovieDetailsViewController.swift in Sources */,
				21D747571BA4C676007084F1 /* AppDelegate.swift in Sources */,
				217294651BA60EC200DD7EA2 /* AlertHederCell.swift in Sources */,
				21D747851BA4C6BB007084F1 /* MovieViewController.swift in Sources */,
				21D747891BA4E7CA007084F1 /* MovieCell.swift in Sources */,
			);
			runOnlyForDeploymentPostprocessing = 0;
		};
		21D747631BA4C676007084F1 /* Sources */ = {
			isa = PBXSourcesBuildPhase;
			buildActionMask = 2147483647;
			files = (
				21D7476C1BA4C676007084F1 /* Rotten_TomatoesTests.swift in Sources */,
			);
			runOnlyForDeploymentPostprocessing = 0;
		};
		21D7476E1BA4C676007084F1 /* Sources */ = {
			isa = PBXSourcesBuildPhase;
			buildActionMask = 2147483647;
			files = (
				21D747771BA4C676007084F1 /* Rotten_TomatoesUITests.swift in Sources */,
			);
			runOnlyForDeploymentPostprocessing = 0;
		};
/* End PBXSourcesBuildPhase section */

/* Begin PBXTargetDependency section */
		21D747691BA4C676007084F1 /* PBXTargetDependency */ = {
			isa = PBXTargetDependency;
			target = 21D747521BA4C676007084F1 /* Rotten Tomatoes */;
			targetProxy = 21D747681BA4C676007084F1 /* PBXContainerItemProxy */;
		};
		21D747741BA4C676007084F1 /* PBXTargetDependency */ = {
			isa = PBXTargetDependency;
			target = 21D747521BA4C676007084F1 /* Rotten Tomatoes */;
			targetProxy = 21D747731BA4C676007084F1 /* PBXContainerItemProxy */;
		};
/* End PBXTargetDependency section */

/* Begin PBXVariantGroup section */
		21D7475A1BA4C676007084F1 /* Main.storyboard */ = {
			isa = PBXVariantGroup;
			children = (
				21D7475B1BA4C676007084F1 /* Base */,
			);
			name = Main.storyboard;
			sourceTree = "<group>";
		};
		21D7475F1BA4C676007084F1 /* LaunchScreen.storyboard */ = {
			isa = PBXVariantGroup;
			children = (
				21D747601BA4C676007084F1 /* Base */,
			);
			name = LaunchScreen.storyboard;
			sourceTree = "<group>";
		};
/* End PBXVariantGroup section */

/* Begin XCBuildConfiguration section */
		21D747791BA4C676007084F1 /* Debug */ = {
			isa = XCBuildConfiguration;
			buildSettings = {
				ALWAYS_SEARCH_USER_PATHS = NO;
				CLANG_CXX_LANGUAGE_STANDARD = "gnu++0x";
				CLANG_CXX_LIBRARY = "libc++";
				CLANG_ENABLE_MODULES = YES;
				CLANG_ENABLE_OBJC_ARC = YES;
				CLANG_WARN_BOOL_CONVERSION = YES;
				CLANG_WARN_CONSTANT_CONVERSION = YES;
				CLANG_WARN_DIRECT_OBJC_ISA_USAGE = YES_ERROR;
				CLANG_WARN_EMPTY_BODY = YES;
				CLANG_WARN_ENUM_CONVERSION = YES;
				CLANG_WARN_INT_CONVERSION = YES;
				CLANG_WARN_OBJC_ROOT_CLASS = YES_ERROR;
				CLANG_WARN_UNREACHABLE_CODE = YES;
				CLANG_WARN__DUPLICATE_METHOD_MATCH = YES;
				"CODE_SIGN_IDENTITY[sdk=iphoneos*]" = "iPhone Developer";
				COPY_PHASE_STRIP = NO;
				DEBUG_INFORMATION_FORMAT = dwarf;
				ENABLE_STRICT_OBJC_MSGSEND = YES;
				ENABLE_TESTABILITY = YES;
				GCC_C_LANGUAGE_STANDARD = gnu99;
				GCC_DYNAMIC_NO_PIC = NO;
				GCC_NO_COMMON_BLOCKS = YES;
				GCC_OPTIMIZATION_LEVEL = 0;
				GCC_PREPROCESSOR_DEFINITIONS = (
					"DEBUG=1",
					"$(inherited)",
				);
				GCC_WARN_64_TO_32_BIT_CONVERSION = YES;
				GCC_WARN_ABOUT_RETURN_TYPE = YES_ERROR;
				GCC_WARN_UNDECLARED_SELECTOR = YES;
				GCC_WARN_UNINITIALIZED_AUTOS = YES_AGGRESSIVE;
				GCC_WARN_UNUSED_FUNCTION = YES;
				GCC_WARN_UNUSED_VARIABLE = YES;
				IPHONEOS_DEPLOYMENT_TARGET = 9.1;
				MTL_ENABLE_DEBUG_INFO = YES;
				ONLY_ACTIVE_ARCH = YES;
				SDKROOT = iphoneos;
				SWIFT_OPTIMIZATION_LEVEL = "-Onone";
			};
			name = Debug;
		};
		21D7477A1BA4C676007084F1 /* Release */ = {
			isa = XCBuildConfiguration;
			buildSettings = {
				ALWAYS_SEARCH_USER_PATHS = NO;
				CLANG_CXX_LANGUAGE_STANDARD = "gnu++0x";
				CLANG_CXX_LIBRARY = "libc++";
				CLANG_ENABLE_MODULES = YES;
				CLANG_ENABLE_OBJC_ARC = YES;
				CLANG_WARN_BOOL_CONVERSION = YES;
				CLANG_WARN_CONSTANT_CONVERSION = YES;
				CLANG_WARN_DIRECT_OBJC_ISA_USAGE = YES_ERROR;
				CLANG_WARN_EMPTY_BODY = YES;
				CLANG_WARN_ENUM_CONVERSION = YES;
				CLANG_WARN_INT_CONVERSION = YES;
				CLANG_WARN_OBJC_ROOT_CLASS = YES_ERROR;
				CLANG_WARN_UNREACHABLE_CODE = YES;
				CLANG_WARN__DUPLICATE_METHOD_MATCH = YES;
				"CODE_SIGN_IDENTITY[sdk=iphoneos*]" = "iPhone Developer";
				COPY_PHASE_STRIP = NO;
				DEBUG_INFORMATION_FORMAT = "dwarf-with-dsym";
				ENABLE_NS_ASSERTIONS = NO;
				ENABLE_STRICT_OBJC_MSGSEND = YES;
				GCC_C_LANGUAGE_STANDARD = gnu99;
				GCC_NO_COMMON_BLOCKS = YES;
				GCC_WARN_64_TO_32_BIT_CONVERSION = YES;
				GCC_WARN_ABOUT_RETURN_TYPE = YES_ERROR;
				GCC_WARN_UNDECLARED_SELECTOR = YES;
				GCC_WARN_UNINITIALIZED_AUTOS = YES_AGGRESSIVE;
				GCC_WARN_UNUSED_FUNCTION = YES;
				GCC_WARN_UNUSED_VARIABLE = YES;
				IPHONEOS_DEPLOYMENT_TARGET = 9.1;
				MTL_ENABLE_DEBUG_INFO = NO;
				SDKROOT = iphoneos;
				VALIDATE_PRODUCT = YES;
			};
			name = Release;
		};
		21D7477C1BA4C676007084F1 /* Debug */ = {
			isa = XCBuildConfiguration;
			baseConfigurationReference = 12A6BE7517CEA7CFC61B5A15 /* Pods-Rotten Tomatoes.debug.xcconfig */;
			buildSettings = {
				ASSETCATALOG_COMPILER_APPICON_NAME = AppIcon;
				INFOPLIST_FILE = "Rotten Tomatoes/Info.plist";
				LD_RUNPATH_SEARCH_PATHS = "$(inherited) @executable_path/Frameworks";
				PRODUCT_BUNDLE_IDENTIFIER = "KB.Rotten-Tomatoes";
				PRODUCT_NAME = "$(TARGET_NAME)";
			};
			name = Debug;
		};
		21D7477D1BA4C676007084F1 /* Release */ = {
			isa = XCBuildConfiguration;
			baseConfigurationReference = EAEE3EE34997C3A485A2F115 /* Pods-Rotten Tomatoes.release.xcconfig */;
			buildSettings = {
				ASSETCATALOG_COMPILER_APPICON_NAME = AppIcon;
				INFOPLIST_FILE = "Rotten Tomatoes/Info.plist";
				LD_RUNPATH_SEARCH_PATHS = "$(inherited) @executable_path/Frameworks";
				PRODUCT_BUNDLE_IDENTIFIER = "KB.Rotten-Tomatoes";
				PRODUCT_NAME = "$(TARGET_NAME)";
			};
			name = Release;
		};
		21D7477F1BA4C676007084F1 /* Debug */ = {
			isa = XCBuildConfiguration;
			buildSettings = {
				BUNDLE_LOADER = "$(TEST_HOST)";
				INFOPLIST_FILE = "Rotten TomatoesTests/Info.plist";
				LD_RUNPATH_SEARCH_PATHS = "$(inherited) @executable_path/Frameworks @loader_path/Frameworks";
				PRODUCT_BUNDLE_IDENTIFIER = "KB.Rotten-TomatoesTests";
				PRODUCT_NAME = "$(TARGET_NAME)";
				TEST_HOST = "$(BUILT_PRODUCTS_DIR)/Rotten Tomatoes.app/Rotten Tomatoes";
			};
			name = Debug;
		};
		21D747801BA4C676007084F1 /* Release */ = {
			isa = XCBuildConfiguration;
			buildSettings = {
				BUNDLE_LOADER = "$(TEST_HOST)";
				INFOPLIST_FILE = "Rotten TomatoesTests/Info.plist";
				LD_RUNPATH_SEARCH_PATHS = "$(inherited) @executable_path/Frameworks @loader_path/Frameworks";
				PRODUCT_BUNDLE_IDENTIFIER = "KB.Rotten-TomatoesTests";
				PRODUCT_NAME = "$(TARGET_NAME)";
				TEST_HOST = "$(BUILT_PRODUCTS_DIR)/Rotten Tomatoes.app/Rotten Tomatoes";
			};
			name = Release;
		};
		21D747821BA4C676007084F1 /* Debug */ = {
			isa = XCBuildConfiguration;
			buildSettings = {
				INFOPLIST_FILE = "Rotten TomatoesUITests/Info.plist";
				LD_RUNPATH_SEARCH_PATHS = "$(inherited) @executable_path/Frameworks @loader_path/Frameworks";
				PRODUCT_BUNDLE_IDENTIFIER = "KB.Rotten-TomatoesUITests";
				PRODUCT_NAME = "$(TARGET_NAME)";
				TEST_TARGET_NAME = "Rotten Tomatoes";
				USES_XCTRUNNER = YES;
			};
			name = Debug;
		};
		21D747831BA4C676007084F1 /* Release */ = {
			isa = XCBuildConfiguration;
			buildSettings = {
				INFOPLIST_FILE = "Rotten TomatoesUITests/Info.plist";
				LD_RUNPATH_SEARCH_PATHS = "$(inherited) @executable_path/Frameworks @loader_path/Frameworks";
				PRODUCT_BUNDLE_IDENTIFIER = "KB.Rotten-TomatoesUITests";
				PRODUCT_NAME = "$(TARGET_NAME)";
				TEST_TARGET_NAME = "Rotten Tomatoes";
				USES_XCTRUNNER = YES;
			};
			name = Release;
		};
/* End XCBuildConfiguration section */

/* Begin XCConfigurationList section */
		21D7474E1BA4C676007084F1 /* Build configuration list for PBXProject "Rotten Tomatoes" */ = {
			isa = XCConfigurationList;
			buildConfigurations = (
				21D747791BA4C676007084F1 /* Debug */,
				21D7477A1BA4C676007084F1 /* Release */,
			);
			defaultConfigurationIsVisible = 0;
			defaultConfigurationName = Release;
		};
		21D7477B1BA4C676007084F1 /* Build configuration list for PBXNativeTarget "Rotten Tomatoes" */ = {
			isa = XCConfigurationList;
			buildConfigurations = (
				21D7477C1BA4C676007084F1 /* Debug */,
				21D7477D1BA4C676007084F1 /* Release */,
			);
			defaultConfigurationIsVisible = 0;
			defaultConfigurationName = Release;
		};
		21D7477E1BA4C676007084F1 /* Build configuration list for PBXNativeTarget "Rotten TomatoesTests" */ = {
			isa = XCConfigurationList;
			buildConfigurations = (
				21D7477F1BA4C676007084F1 /* Debug */,
				21D747801BA4C676007084F1 /* Release */,
			);
			defaultConfigurationIsVisible = 0;
			defaultConfigurationName = Release;
		};
		21D747811BA4C676007084F1 /* Build configuration list for PBXNativeTarget "Rotten TomatoesUITests" */ = {
			isa = XCConfigurationList;
			buildConfigurations = (
				21D747821BA4C676007084F1 /* Debug */,
				21D747831BA4C676007084F1 /* Release */,
			);
			defaultConfigurationIsVisible = 0;
			defaultConfigurationName = Release;
		};
/* End XCConfigurationList section */
	};
	rootObject = 21D7474B1BA4C676007084F1 /* Project object */;
}
